
Microsoft Visual Studio Solution File, Format Version 12.00
# Visual Studio Version 17
VisualStudioVersion = 17.0.32126.317
MinimumVisualStudioVersion = 10.0.40219.1
Project("{FAE04EC0-301F-11D3-BF4B-00C04F79EFBC}") = "KamazReservation.Server", "KamazReservation\Server\KamazReservation.Server.csproj", "{0A30A8B9-CCAF-4B34-B17A-F1AF8A8CF4A3}"
EndProject
Project("{FAE04EC0-301F-11D3-BF4B-00C04F79EFBC}") = "KamazReservation.Client", "KamazReservation\Client\KamazReservation.Client.csproj", "{FD9B8730-2360-4AC4-9FFE-6199B0076CB7}"
EndProject
Project("{FAE04EC0-301F-11D3-BF4B-00C04F79EFBC}") = "KamazReservation.Shared", "KamazReservation\Shared\KamazReservation.Shared.csproj", "{C4B40A77-82F7-448C-A932-4FF40AB27EC5}"
EndProject
Global
	GlobalSection(SolutionConfigurationPlatforms) = preSolution
		Debug|Any CPU = Debug|Any CPU
		Release|Any CPU = Release|Any CPU
	EndGlobalSection
	GlobalSection(ProjectConfigurationPlatforms) = postSolution
		{0A30A8B9-CCAF-4B34-B17A-F1AF8A8CF4A3}.Debug|Any CPU.ActiveCfg = Debug|Any CPU
		{0A30A8B9-CCAF-4B34-B17A-F1AF8A8CF4A3}.Debug|Any CPU.Build.0 = Debug|Any CPU
		{0A30A8B9-CCAF-4B34-B17A-F1AF8A8CF4A3}.Release|Any CPU.ActiveCfg = Release|Any CPU
		{0A30A8B9-CCAF-4B34-B17A-F1AF8A8CF4A3}.Release|Any CPU.Build.0 = Release|Any CPU
		{FD9B8730-2360-4AC4-9FFE-6199B0076CB7}.Debug|Any CPU.ActiveCfg = Debug|Any CPU
		{FD9B8730-2360-4AC4-9FFE-6199B0076CB7}.Debug|Any CPU.Build.0 = Debug|Any CPU
		{FD9B8730-2360-4AC4-9FFE-6199B0076CB7}.Release|Any CPU.ActiveCfg = Release|Any CPU
		{FD9B8730-2360-4AC4-9FFE-6199B0076CB7}.Release|Any CPU.Build.0 = Release|Any CPU
		{C4B40A77-82F7-448C-A932-4FF40AB27EC5}.Debug|Any CPU.ActiveCfg = Debug|Any CPU
		{C4B40A77-82F7-448C-A932-4FF40AB27EC5}.Debug|Any CPU.Build.0 = Debug|Any CPU
		{C4B40A77-82F7-448C-A932-4FF40AB27EC5}.Release|Any CPU.ActiveCfg = Release|Any CPU
		{C4B40A77-82F7-448C-A932-4FF40AB27EC5}.Release|Any CPU.Build.0 = Release|Any CPU
	EndGlobalSection
	GlobalSection(SolutionProperties) = preSolution
		HideSolutionNode = FALSE
	EndGlobalSection
	GlobalSection(ExtensibilityGlobals) = postSolution
		SolutionGuid = {113350DE-C8CD-48B6-9EF2-FF03C48E125C}
	EndGlobalSection
EndGlobal
